
Microsoft Visual Studio Solution File, Format Version 12.00
# Visual Studio Version 17
VisualStudioVersion = 17.4.33403.182
MinimumVisualStudioVersion = 10.0.40219.1
Project("{FAE04EC0-301F-11D3-BF4B-00C04F79EFBC}") = "EMBBrowser", "EMBBrowser\EMBBrowser.csproj", "{885BD391-D0B5-429D-BFF2-6D57648AB91F}"
EndProject
Global
	GlobalSection(SolutionConfigurationPlatforms) = preSolution
		Debug|Any CPU = Debug|Any CPU
		Release|Any CPU = Release|Any CPU
	EndGlobalSection
	GlobalSection(ProjectConfigurationPlatforms) = postSolution
		{885BD391-D0B5-429D-BFF2-6D57648AB91F}.Debug|Any CPU.ActiveCfg = Debug|Any CPU
		{885BD391-D0B5-429D-BFF2-6D57648AB91F}.Debug|Any CPU.Build.0 = Debug|Any CPU
		{885BD391-D0B5-429D-BFF2-6D57648AB91F}.Release|Any CPU.ActiveCfg = Release|Any CPU
		{885BD391-D0B5-429D-BFF2-6D57648AB91F}.Release|Any CPU.Build.0 = Release|Any CPU
	EndGlobalSection
	GlobalSection(SolutionProperties) = preSolution
		HideSolutionNode = FALSE
	EndGlobalSection
	GlobalSection(ExtensibilityGlobals) = postSolution
		SolutionGuid = {9AAEE81C-3B46-4130-BA9E-E8BFFCCAB886}
	EndGlobalSection
EndGlobal
